# This file is generated by running "yarn install" inside your project.
# Manual changes might be lost - proceed with caution!

__metadata:
  version: 8
  cacheKey: 10c0

"@cspotcode/source-map-support@npm:^0.8.0":
  version: 0.8.1
  resolution: "@cspotcode/source-map-support@npm:0.8.1"
  dependencies:
    "@jridgewell/trace-mapping": "npm:0.3.9"
  checksum: 10c0/05c5368c13b662ee4c122c7bfbe5dc0b613416672a829f3e78bc49a357a197e0218d6e74e7c66cfcd04e15a179acab080bd3c69658c9fbefd0e1ccd950a07fc6
  languageName: node
  linkType: hard

"@jridgewell/resolve-uri@npm:^3.0.3":
  version: 3.1.2
  resolution: "@jridgewell/resolve-uri@npm:3.1.2"
  checksum: 10c0/d502e6fb516b35032331406d4e962c21fe77cdf1cbdb49c6142bcbd9e30507094b18972778a6e27cbad756209cfe34b1a27729e6fa08a2eb92b33943f680cf1e
  languageName: node
  linkType: hard

"@jridgewell/sourcemap-codec@npm:^1.4.10":
  version: 1.5.0
  resolution: "@jridgewell/sourcemap-codec@npm:1.5.0"
  checksum: 10c0/2eb864f276eb1096c3c11da3e9bb518f6d9fc0023c78344cdc037abadc725172c70314bdb360f2d4b7bffec7f5d657ce006816bc5d4ecb35e61b66132db00c18
  languageName: node
  linkType: hard

"@jridgewell/trace-mapping@npm:0.3.9":
  version: 0.3.9
  resolution: "@jridgewell/trace-mapping@npm:0.3.9"
  dependencies:
    "@jridgewell/resolve-uri": "npm:^3.0.3"
    "@jridgewell/sourcemap-codec": "npm:^1.4.10"
  checksum: 10c0/fa425b606d7c7ee5bfa6a31a7b050dd5814b4082f318e0e4190f991902181b4330f43f4805db1dd4f2433fd0ed9cc7a7b9c2683f1deeab1df1b0a98b1e24055b
  languageName: node
  linkType: hard

"@tsconfig/node10@npm:^1.0.7":
  version: 1.0.11
  resolution: "@tsconfig/node10@npm:1.0.11"
  checksum: 10c0/28a0710e5d039e0de484bdf85fee883bfd3f6a8980601f4d44066b0a6bcd821d31c4e231d1117731c4e24268bd4cf2a788a6787c12fc7f8d11014c07d582783c
  languageName: node
  linkType: hard

"@tsconfig/node12@npm:^1.0.7":
  version: 1.0.11
  resolution: "@tsconfig/node12@npm:1.0.11"
  checksum: 10c0/dddca2b553e2bee1308a056705103fc8304e42bb2d2cbd797b84403a223b25c78f2c683ec3e24a095e82cd435387c877239bffcb15a590ba817cd3f6b9a99fd9
  languageName: node
  linkType: hard

"@tsconfig/node14@npm:^1.0.0":
  version: 1.0.3
  resolution: "@tsconfig/node14@npm:1.0.3"
  checksum: 10c0/67c1316d065fdaa32525bc9449ff82c197c4c19092b9663b23213c8cbbf8d88b6ed6a17898e0cbc2711950fbfaf40388938c1c748a2ee89f7234fc9e7fe2bf44
  languageName: node
  linkType: hard

"@tsconfig/node16@npm:^1.0.2":
  version: 1.0.4
  resolution: "@tsconfig/node16@npm:1.0.4"
  checksum: 10c0/05f8f2734e266fb1839eb1d57290df1664fe2aa3b0fdd685a9035806daa635f7519bf6d5d9b33f6e69dd545b8c46bd6e2b5c79acb2b1f146e885f7f11a42a5bb
  languageName: node
  linkType: hard

"@types/node@npm:^22.8.4":
  version: 22.8.4
  resolution: "@types/node@npm:22.8.4"
  dependencies:
    undici-types: "npm:~6.19.8"
  checksum: 10c0/f88d030480630194a9168772462ec09b2d86454f34368c46d2b7fda5dc6e14594b1576fcc5c35cc53b57a4d1e8dd2865a85ae81f34ded0d1af753a0f5d294c25
  languageName: node
  linkType: hard

"acorn-walk@npm:^8.1.1":
  version: 8.3.4
  resolution: "acorn-walk@npm:8.3.4"
  dependencies:
    acorn: "npm:^8.11.0"
  checksum: 10c0/76537ac5fb2c37a64560feaf3342023dadc086c46da57da363e64c6148dc21b57d49ace26f949e225063acb6fb441eabffd89f7a3066de5ad37ab3e328927c62
  languageName: node
  linkType: hard

"acorn@npm:^8.11.0, acorn@npm:^8.4.1":
  version: 8.14.0
  resolution: "acorn@npm:8.14.0"
  bin:
    acorn: bin/acorn
  checksum: 10c0/6d4ee461a7734b2f48836ee0fbb752903606e576cc100eb49340295129ca0b452f3ba91ddd4424a1d4406a98adfb2ebb6bd0ff4c49d7a0930c10e462719bbfd7
  languageName: node
  linkType: hard

"arg@npm:^4.1.0":
  version: 4.1.3
  resolution: "arg@npm:4.1.3"
  checksum: 10c0/070ff801a9d236a6caa647507bdcc7034530604844d64408149a26b9e87c2f97650055c0f049abd1efc024b334635c01f29e0b632b371ac3f26130f4cf65997a
  languageName: node
  linkType: hard

"assert-options@npm:0.8.2":
  version: 0.8.2
  resolution: "assert-options@npm:0.8.2"
  checksum: 10c0/4b2d8cfec9f132a2527454b5499d289fe70edffc59aa935be14c88eb9e885a06441ae67c2b03ff7b5fa2063a690e52a91c3a30f26e5cefc548b19ce3ddae84f8
  languageName: node
  linkType: hard

"asynckit@npm:^0.4.0":
  version: 0.4.0
  resolution: "asynckit@npm:0.4.0"
  checksum: 10c0/d73e2ddf20c4eb9337e1b3df1a0f6159481050a5de457c55b14ea2e5cb6d90bb69e004c9af54737a5ee0917fcf2c9e25de67777bbe58261847846066ba75bc9d
  languageName: node
  linkType: hard

"axios@npm:^1.7.7":
  version: 1.7.7
  resolution: "axios@npm:1.7.7"
  dependencies:
    follow-redirects: "npm:^1.15.6"
    form-data: "npm:^4.0.0"
    proxy-from-env: "npm:^1.1.0"
  checksum: 10c0/4499efc89e86b0b49ffddc018798de05fab26e3bf57913818266be73279a6418c3ce8f9e934c7d2d707ab8c095e837fc6c90608fb7715b94d357720b5f568af7
  languageName: node
  linkType: hard

"boolbase@npm:^1.0.0":
  version: 1.0.0
  resolution: "boolbase@npm:1.0.0"
  checksum: 10c0/e4b53deb4f2b85c52be0e21a273f2045c7b6a6ea002b0e139c744cb6f95e9ec044439a52883b0d74dedd1ff3da55ed140cfdddfed7fb0cccbed373de5dce1bcf
  languageName: node
  linkType: hard

"cheerio-select@npm:^2.1.0":
  version: 2.1.0
  resolution: "cheerio-select@npm:2.1.0"
  dependencies:
    boolbase: "npm:^1.0.0"
    css-select: "npm:^5.1.0"
    css-what: "npm:^6.1.0"
    domelementtype: "npm:^2.3.0"
    domhandler: "npm:^5.0.3"
    domutils: "npm:^3.0.1"
  checksum: 10c0/2242097e593919dba4aacb97d7b8275def8b9ec70b00aa1f43335456870cfc9e284eae2080bdc832ed232dabb9eefcf56c722d152da4a154813fb8814a55d282
  languageName: node
  linkType: hard

"cheerio@npm:^1.0.0":
  version: 1.0.0
  resolution: "cheerio@npm:1.0.0"
  dependencies:
    cheerio-select: "npm:^2.1.0"
    dom-serializer: "npm:^2.0.0"
    domhandler: "npm:^5.0.3"
    domutils: "npm:^3.1.0"
    encoding-sniffer: "npm:^0.2.0"
    htmlparser2: "npm:^9.1.0"
    parse5: "npm:^7.1.2"
    parse5-htmlparser2-tree-adapter: "npm:^7.0.0"
    parse5-parser-stream: "npm:^7.1.2"
    undici: "npm:^6.19.5"
    whatwg-mimetype: "npm:^4.0.0"
  checksum: 10c0/d0e16925d9c36c879edfaef1c0244c866375a4c7b8d6ccd7ae0ad42da7d26263ea1a3c17b9a1aa5965918deeff2d40ac2e7223824f8e6eca972df3b81316a09f
  languageName: node
  linkType: hard

"combined-stream@npm:^1.0.8":
  version: 1.0.8
  resolution: "combined-stream@npm:1.0.8"
  dependencies:
    delayed-stream: "npm:~1.0.0"
  checksum: 10c0/0dbb829577e1b1e839fa82b40c07ffaf7de8a09b935cadd355a73652ae70a88b4320db322f6634a4ad93424292fa80973ac6480986247f1734a1137debf271d5
  languageName: node
  linkType: hard

"create-require@npm:^1.1.0":
  version: 1.1.1
  resolution: "create-require@npm:1.1.1"
  checksum: 10c0/157cbc59b2430ae9a90034a5f3a1b398b6738bf510f713edc4d4e45e169bc514d3d99dd34d8d01ca7ae7830b5b8b537e46ae8f3c8f932371b0875c0151d7ec91
  languageName: node
  linkType: hard

"css-select@npm:^5.1.0":
  version: 5.1.0
  resolution: "css-select@npm:5.1.0"
  dependencies:
    boolbase: "npm:^1.0.0"
    css-what: "npm:^6.1.0"
    domhandler: "npm:^5.0.2"
    domutils: "npm:^3.0.1"
    nth-check: "npm:^2.0.1"
  checksum: 10c0/551c60dba5b54054741032c1793b5734f6ba45e23ae9e82761a3c0ed1acbb8cfedfa443aaba3a3c1a54cac12b456d2012a09d2cd5f0e82e430454c1b9d84d500
  languageName: node
  linkType: hard

"css-what@npm:^6.1.0":
  version: 6.1.0
  resolution: "css-what@npm:6.1.0"
  checksum: 10c0/a09f5a6b14ba8dcf57ae9a59474722e80f20406c53a61e9aedb0eedc693b135113ffe2983f4efc4b5065ae639442e9ae88df24941ef159c218b231011d733746
  languageName: node
  linkType: hard

"delayed-stream@npm:~1.0.0":
  version: 1.0.0
  resolution: "delayed-stream@npm:1.0.0"
  checksum: 10c0/d758899da03392e6712f042bec80aa293bbe9e9ff1b2634baae6a360113e708b91326594c8a486d475c69d6259afb7efacdc3537bfcda1c6c648e390ce601b19
  languageName: node
  linkType: hard

"diff@npm:^4.0.1":
  version: 4.0.2
  resolution: "diff@npm:4.0.2"
  checksum: 10c0/81b91f9d39c4eaca068eb0c1eb0e4afbdc5bb2941d197f513dd596b820b956fef43485876226d65d497bebc15666aa2aa82c679e84f65d5f2bfbf14ee46e32c1
  languageName: node
  linkType: hard

"dom-serializer@npm:^2.0.0":
  version: 2.0.0
  resolution: "dom-serializer@npm:2.0.0"
  dependencies:
    domelementtype: "npm:^2.3.0"
    domhandler: "npm:^5.0.2"
    entities: "npm:^4.2.0"
  checksum: 10c0/d5ae2b7110ca3746b3643d3ef60ef823f5f078667baf530cec096433f1627ec4b6fa8c072f09d079d7cda915fd2c7bc1b7b935681e9b09e591e1e15f4040b8e2
  languageName: node
  linkType: hard

"domelementtype@npm:^2.3.0":
  version: 2.3.0
  resolution: "domelementtype@npm:2.3.0"
  checksum: 10c0/686f5a9ef0fff078c1412c05db73a0dce096190036f33e400a07e2a4518e9f56b1e324f5c576a0a747ef0e75b5d985c040b0d51945ce780c0dd3c625a18cd8c9
  languageName: node
  linkType: hard

"domhandler@npm:^5.0.2, domhandler@npm:^5.0.3":
  version: 5.0.3
  resolution: "domhandler@npm:5.0.3"
  dependencies:
    domelementtype: "npm:^2.3.0"
  checksum: 10c0/bba1e5932b3e196ad6862286d76adc89a0dbf0c773e5ced1eb01f9af930c50093a084eff14b8de5ea60b895c56a04d5de8bbc4930c5543d029091916770b2d2a
  languageName: node
  linkType: hard

"domutils@npm:^3.0.1, domutils@npm:^3.1.0":
  version: 3.1.0
  resolution: "domutils@npm:3.1.0"
  dependencies:
    dom-serializer: "npm:^2.0.0"
    domelementtype: "npm:^2.3.0"
    domhandler: "npm:^5.0.3"
  checksum: 10c0/342d64cf4d07b8a0573fb51e0a6312a88fb520c7fefd751870bf72fa5fc0f2e0cb9a3958a573610b1d608c6e2a69b8e9b4b40f0bfb8f87a71bce4f180cca1887
  languageName: node
  linkType: hard

"encoding-sniffer@npm:^0.2.0":
  version: 0.2.0
  resolution: "encoding-sniffer@npm:0.2.0"
  dependencies:
    iconv-lite: "npm:^0.6.3"
    whatwg-encoding: "npm:^3.1.1"
  checksum: 10c0/b312e0d67f339bec44e021e5210ee8ee90d7b8f9975eb2c79a36fd467eb07709e88dcf62ee20f62ee0d74a13874307d99557852a2de9b448f1e3fb991fc68257
  languageName: node
  linkType: hard

"entities@npm:^4.2.0, entities@npm:^4.5.0":
  version: 4.5.0
  resolution: "entities@npm:4.5.0"
  checksum: 10c0/5b039739f7621f5d1ad996715e53d964035f75ad3b9a4d38c6b3804bb226e282ffeae2443624d8fdd9c47d8e926ae9ac009c54671243f0c3294c26af7cc85250
  languageName: node
  linkType: hard

"follow-redirects@npm:^1.15.6":
  version: 1.15.9
  resolution: "follow-redirects@npm:1.15.9"
  peerDependenciesMeta:
    debug:
      optional: true
  checksum: 10c0/5829165bd112c3c0e82be6c15b1a58fa9dcfaede3b3c54697a82fe4a62dd5ae5e8222956b448d2f98e331525f05d00404aba7d696de9e761ef6e42fdc780244f
  languageName: node
  linkType: hard

"form-data@npm:^4.0.0":
  version: 4.0.1
  resolution: "form-data@npm:4.0.1"
  dependencies:
    asynckit: "npm:^0.4.0"
    combined-stream: "npm:^1.0.8"
    mime-types: "npm:^2.1.12"
  checksum: 10c0/bb102d570be8592c23f4ea72d7df9daa50c7792eb0cf1c5d7e506c1706e7426a4e4ae48a35b109e91c85f1c0ec63774a21ae252b66f4eb981cb8efef7d0463c8
  languageName: node
  linkType: hard

"htmlparser2@npm:^9.1.0":
  version: 9.1.0
  resolution: "htmlparser2@npm:9.1.0"
  dependencies:
    domelementtype: "npm:^2.3.0"
    domhandler: "npm:^5.0.3"
    domutils: "npm:^3.1.0"
    entities: "npm:^4.5.0"
  checksum: 10c0/394f6323efc265bbc791d8c0d96bfe95984e0407565248521ab92e2dc7668e5ceeca7bc6ed18d408b9ee3b25032c5743368a4280d280332d782821d5d467ad8f
  languageName: node
  linkType: hard

"iconv-lite@npm:0.6.3, iconv-lite@npm:^0.6.3":
  version: 0.6.3
  resolution: "iconv-lite@npm:0.6.3"
  dependencies:
    safer-buffer: "npm:>= 2.1.2 < 3.0.0"
  checksum: 10c0/98102bc66b33fcf5ac044099d1257ba0b7ad5e3ccd3221f34dd508ab4070edff183276221684e1e0555b145fce0850c9f7d2b60a9fcac50fbb4ea0d6e845a3b1
  languageName: node
  linkType: hard

"make-error@npm:^1.1.1":
  version: 1.3.6
  resolution: "make-error@npm:1.3.6"
  checksum: 10c0/171e458d86854c6b3fc46610cfacf0b45149ba043782558c6875d9f42f222124384ad0b468c92e996d815a8a2003817a710c0a160e49c1c394626f76fa45396f
  languageName: node
  linkType: hard

"mime-db@npm:1.52.0":
  version: 1.52.0
  resolution: "mime-db@npm:1.52.0"
  checksum: 10c0/0557a01deebf45ac5f5777fe7740b2a5c309c6d62d40ceab4e23da9f821899ce7a900b7ac8157d4548ddbb7beffe9abc621250e6d182b0397ec7f10c7b91a5aa
  languageName: node
  linkType: hard

"mime-types@npm:^2.1.12":
  version: 2.1.35
  resolution: "mime-types@npm:2.1.35"
  dependencies:
    mime-db: "npm:1.52.0"
  checksum: 10c0/82fb07ec56d8ff1fc999a84f2f217aa46cb6ed1033fefaabd5785b9a974ed225c90dc72fff460259e66b95b73648596dbcc50d51ed69cdf464af2d237d3149b2
  languageName: node
  linkType: hard

"nth-check@npm:^2.0.1":
  version: 2.1.1
  resolution: "nth-check@npm:2.1.1"
  dependencies:
    boolbase: "npm:^1.0.0"
  checksum: 10c0/5fee7ff309727763689cfad844d979aedd2204a817fbaaf0e1603794a7c20db28548d7b024692f953557df6ce4a0ee4ae46cd8ebd9b36cfb300b9226b567c479
  languageName: node
  linkType: hard

"oddly@workspace:.":
  version: 0.0.0-use.local
  resolution: "oddly@workspace:."
  dependencies:
    "@types/node": "npm:^22.8.4"
    axios: "npm:^1.7.7"
    cheerio: "npm:^1.0.0"
    pg-promise: "npm:^11.10.1"
    sql-template-strings: "npm:^2.2.2"
    ts-node: "npm:^10.9.2"
    typescript: "npm:^5.6.3"
  languageName: unknown
  linkType: soft

"parse5-htmlparser2-tree-adapter@npm:^7.0.0":
  version: 7.1.0
  resolution: "parse5-htmlparser2-tree-adapter@npm:7.1.0"
  dependencies:
    domhandler: "npm:^5.0.3"
    parse5: "npm:^7.0.0"
  checksum: 10c0/e5a4e0b834c84c9e244b5749f8d007f4baaeafac7a1da2c54be3421ffd9ef8fdec4f198bf55cda22e88e6ba95e9943f6ed5aa3ae5900b39972ebf5dc8c3f4722
  languageName: node
  linkType: hard

"parse5-parser-stream@npm:^7.1.2":
  version: 7.1.2
  resolution: "parse5-parser-stream@npm:7.1.2"
  dependencies:
    parse5: "npm:^7.0.0"
  checksum: 10c0/e236c61000d38ecad369e725a48506b051cebad8abb00e6d4e8bff7aa85c183820fcb45db1559cc90955bdbbdbd665ea94c41259594e74566fff411478dc7fcb
  languageName: node
  linkType: hard

"parse5@npm:^7.0.0, parse5@npm:^7.1.2":
  version: 7.2.1
  resolution: "parse5@npm:7.2.1"
  dependencies:
    entities: "npm:^4.5.0"
  checksum: 10c0/829d37a0c709215a887e410a7118d754f8e1afd7edb529db95bc7bbf8045fb0266a7b67801331d8e8d9d073ea75793624ec27ce9ff3b96862c3b9008f4d68e80
  languageName: node
  linkType: hard

"pg-cloudflare@npm:^1.1.1":
  version: 1.1.1
  resolution: "pg-cloudflare@npm:1.1.1"
  checksum: 10c0/a68b957f755be6af813d68ccaf4c906a000fd2ecb362cd281220052cc9e2f6c26da3b88792742387008c30b3bf0d2fa3a0eff04aeb8af4414023c99ae78e07bd
  languageName: node
  linkType: hard

"pg-connection-string@npm:^2.7.0":
  version: 2.7.0
  resolution: "pg-connection-string@npm:2.7.0"
  checksum: 10c0/50a1496a1c858f9495d78a2c7a66d93ef3602e718aff2953bb5738f3ea616d7f727f32fc20513c9bed127650cd14c1ddc7b458396f4000e689d4b64c65c5c51e
  languageName: node
  linkType: hard

"pg-int8@npm:1.0.1":
  version: 1.0.1
  resolution: "pg-int8@npm:1.0.1"
  checksum: 10c0/be6a02d851fc2a4ae3e9de81710d861de3ba35ac927268973eb3cb618873a05b9424656df464dd43bd7dc3fc5295c3f5b3c8349494f87c7af50ec59ef14e0b98
  languageName: node
  linkType: hard

"pg-minify@npm:1.6.5":
  version: 1.6.5
  resolution: "pg-minify@npm:1.6.5"
  checksum: 10c0/19914119e6593befd4e7584b9a2d8965314b2560adf861607eadb21a7b3dd2300684156c44615d4bb796de9d9fbaf7da0d76d9a8d8b65ebb2bd1f0925d052669
  languageName: node
  linkType: hard

"pg-pool@npm:^3.7.0":
  version: 3.7.0
  resolution: "pg-pool@npm:3.7.0"
  peerDependencies:
    pg: ">=8.0"
  checksum: 10c0/9128673cf941f288c0cb1a74ca959a9b4f6075ef73b2cc7dece5d4db3dd7043784869e7c12bce2e69ca0df22132a419cc45c2050b4373632856fe8bae9eb94b5
  languageName: node
  linkType: hard

"pg-promise@npm:^11.10.1":
  version: 11.10.1
  resolution: "pg-promise@npm:11.10.1"
  dependencies:
    assert-options: "npm:0.8.2"
    pg: "npm:8.13.0"
    pg-minify: "npm:1.6.5"
    spex: "npm:3.4.0"
  peerDependencies:
    pg-query-stream: 4.7.0
  checksum: 10c0/c43dddff0d10c336f00ac3d6e084528a155b0a299b694298be2fd9a11398350cf338bd7bbf615a23221c2cae3a62d769cc1c44c5799dc7416cbb3c77331646f9
  languageName: node
  linkType: hard

"pg-protocol@npm:^1.7.0":
  version: 1.7.0
  resolution: "pg-protocol@npm:1.7.0"
  checksum: 10c0/c4af854d9b843c808231c0040fed89f2b9101006157df8da2bb2f62a7dde702de748d852228dc22df41cc7ffddfb526af3bcb34b278b581e9f76a060789186c1
  languageName: node
  linkType: hard

"pg-types@npm:^2.1.0":
  version: 2.2.0
  resolution: "pg-types@npm:2.2.0"
  dependencies:
    pg-int8: "npm:1.0.1"
    postgres-array: "npm:~2.0.0"
    postgres-bytea: "npm:~1.0.0"
    postgres-date: "npm:~1.0.4"
    postgres-interval: "npm:^1.1.0"
  checksum: 10c0/ab3f8069a323f601cd2d2279ca8c425447dab3f9b61d933b0601d7ffc00d6200df25e26a4290b2b0783b59278198f7dd2ed03e94c4875797919605116a577c65
  languageName: node
  linkType: hard

"pg@npm:8.13.0":
  version: 8.13.0
  resolution: "pg@npm:8.13.0"
  dependencies:
    pg-cloudflare: "npm:^1.1.1"
    pg-connection-string: "npm:^2.7.0"
    pg-pool: "npm:^3.7.0"
    pg-protocol: "npm:^1.7.0"
    pg-types: "npm:^2.1.0"
    pgpass: "npm:1.x"
  peerDependencies:
    pg-native: ">=3.0.1"
  dependenciesMeta:
    pg-cloudflare:
      optional: true
  peerDependenciesMeta:
    pg-native:
      optional: true
  checksum: 10c0/1521189063d2293d62f3fac61e797a3096a62a69668c223827d00b83c17a320805f31f0b5316feb80f8d9eed0c6c32f95146d8aca866af05816a66fd2ba8e32a
  languageName: node
  linkType: hard

"pgpass@npm:1.x":
  version: 1.0.5
  resolution: "pgpass@npm:1.0.5"
  dependencies:
    split2: "npm:^4.1.0"
  checksum: 10c0/5ea6c9b2de04c33abb08d33a2dded303c4a3c7162a9264519cbe85c0a9857d712463140ba42fad0c7cd4b21f644dd870b45bb2e02fcbe505b4de0744fd802c1d
  languageName: node
  linkType: hard

"postgres-array@npm:~2.0.0":
  version: 2.0.0
  resolution: "postgres-array@npm:2.0.0"
  checksum: 10c0/cbd56207e4141d7fbf08c86f2aebf21fa7064943d3f808ec85f442ff94b48d891e7a144cc02665fb2de5dbcb9b8e3183a2ac749959e794b4a4cfd379d7a21d08
  languageName: node
  linkType: hard

"postgres-bytea@npm:~1.0.0":
  version: 1.0.0
  resolution: "postgres-bytea@npm:1.0.0"
  checksum: 10c0/febf2364b8a8953695cac159eeb94542ead5886792a9627b97e33f6b5bb6e263bc0706ab47ec221516e79fbd6b2452d668841830fb3b49ec6c0fc29be61892ce
  languageName: node
  linkType: hard

"postgres-date@npm:~1.0.4":
  version: 1.0.7
  resolution: "postgres-date@npm:1.0.7"
  checksum: 10c0/0ff91fccc64003e10b767fcfeefb5eaffbc522c93aa65d5051c49b3c4ce6cb93ab091a7d22877a90ad60b8874202c6f1d0f935f38a7235ed3b258efd54b97ca9
  languageName: node
  linkType: hard

"postgres-interval@npm:^1.1.0":
  version: 1.2.0
  resolution: "postgres-interval@npm:1.2.0"
  dependencies:
    xtend: "npm:^4.0.0"
  checksum: 10c0/c1734c3cb79e7f22579af0b268a463b1fa1d084e742a02a7a290c4f041e349456f3bee3b4ee0bb3f226828597f7b76deb615c1b857db9a742c45520100456272
  languageName: node
  linkType: hard

"proxy-from-env@npm:^1.1.0":
  version: 1.1.0
  resolution: "proxy-from-env@npm:1.1.0"
  checksum: 10c0/fe7dd8b1bdbbbea18d1459107729c3e4a2243ca870d26d34c2c1bcd3e4425b7bcc5112362df2d93cc7fb9746f6142b5e272fd1cc5c86ddf8580175186f6ad42b
  languageName: node
  linkType: hard

"safer-buffer@npm:>= 2.1.2 < 3.0.0":
  version: 2.1.2
  resolution: "safer-buffer@npm:2.1.2"
  checksum: 10c0/7e3c8b2e88a1841c9671094bbaeebd94448111dd90a81a1f606f3f67708a6ec57763b3b47f06da09fc6054193e0e6709e77325415dc8422b04497a8070fa02d4
  languageName: node
  linkType: hard

"spex@npm:3.4.0":
  version: 3.4.0
  resolution: "spex@npm:3.4.0"
  checksum: 10c0/ef39917ece5d5f127572d63733f0822ce20e688d77662b43788183a71a61f1566a8a306f0ea6b3a506ba481afd5bb2591f5df1c88ccf8c8073e2e88b595dcc13
  languageName: node
  linkType: hard

"split2@npm:^4.1.0":
  version: 4.2.0
  resolution: "split2@npm:4.2.0"
  checksum: 10c0/b292beb8ce9215f8c642bb68be6249c5a4c7f332fc8ecadae7be5cbdf1ea95addc95f0459ef2e7ad9d45fd1064698a097e4eb211c83e772b49bc0ee423e91534
  languageName: node
  linkType: hard

"sql-template-strings@npm:^2.2.2":
  version: 2.2.2
  resolution: "sql-template-strings@npm:2.2.2"
  checksum: 10c0/7f24f64451a7aa347ba05bd5bd14e17bed4b4a4238ced6a4f26d0fac8ae87c204d2cb29ca33d780e8b408de5fe6225de75f89bb0dd963a92c594f59568667bdb
  languageName: node
  linkType: hard

"ts-node@npm:^10.9.2":
  version: 10.9.2
  resolution: "ts-node@npm:10.9.2"
  dependencies:
    "@cspotcode/source-map-support": "npm:^0.8.0"
    "@tsconfig/node10": "npm:^1.0.7"
    "@tsconfig/node12": "npm:^1.0.7"
    "@tsconfig/node14": "npm:^1.0.0"
    "@tsconfig/node16": "npm:^1.0.2"
    acorn: "npm:^8.4.1"
    acorn-walk: "npm:^8.1.1"
    arg: "npm:^4.1.0"
    create-require: "npm:^1.1.0"
    diff: "npm:^4.0.1"
    make-error: "npm:^1.1.1"
    v8-compile-cache-lib: "npm:^3.0.1"
    yn: "npm:3.1.1"
  peerDependencies:
    "@swc/core": ">=1.2.50"
    "@swc/wasm": ">=1.2.50"
    "@types/node": "*"
    typescript: ">=2.7"
  peerDependenciesMeta:
    "@swc/core":
      optional: true
    "@swc/wasm":
      optional: true
  bin:
    ts-node: dist/bin.js
    ts-node-cwd: dist/bin-cwd.js
    ts-node-esm: dist/bin-esm.js
    ts-node-script: dist/bin-script.js
    ts-node-transpile-only: dist/bin-transpile.js
    ts-script: dist/bin-script-deprecated.js
  checksum: 10c0/5f29938489f96982a25ba650b64218e83a3357d76f7bede80195c65ab44ad279c8357264639b7abdd5d7e75fc269a83daa0e9c62fd8637a3def67254ecc9ddc2
  languageName: node
  linkType: hard

"typescript@npm:^5.6.3":
  version: 5.6.3
  resolution: "typescript@npm:5.6.3"
  bin:
    tsc: bin/tsc
    tsserver: bin/tsserver
  checksum: 10c0/44f61d3fb15c35359bc60399cb8127c30bae554cd555b8e2b46d68fa79d680354b83320ad419ff1b81a0bdf324197b29affe6cc28988cd6a74d4ac60c94f9799
  languageName: node
  linkType: hard

"typescript@patch:typescript@npm%3A^5.6.3#optional!builtin<compat/typescript>":
  version: 5.6.3
  resolution: "typescript@patch:typescript@npm%3A5.6.3#optional!builtin<compat/typescript>::version=5.6.3&hash=8c6c40"
  bin:
    tsc: bin/tsc
    tsserver: bin/tsserver
  checksum: 10c0/7c9d2e07c81226d60435939618c91ec2ff0b75fbfa106eec3430f0fcf93a584bc6c73176676f532d78c3594fe28a54b36eb40b3d75593071a7ec91301533ace7
  languageName: node
  linkType: hard

"undici-types@npm:~6.19.8":
  version: 6.19.8
  resolution: "undici-types@npm:6.19.8"
  checksum: 10c0/078afa5990fba110f6824823ace86073b4638f1d5112ee26e790155f481f2a868cc3e0615505b6f4282bdf74a3d8caad715fd809e870c2bb0704e3ea6082f344
  languageName: node
  linkType: hard

"undici@npm:^6.19.5":
  version: 6.20.1
  resolution: "undici@npm:6.20.1"
  checksum: 10c0/b2c8d5adcd226c53d02f9270e4cac277256a7147cf310af319369ec6f87651ca46b2960366cb1339a6dac84d937e01e8cdbec5cb468f1f1ce5e9490e438d7222
  languageName: node
  linkType: hard

"v8-compile-cache-lib@npm:^3.0.1":
  version: 3.0.1
  resolution: "v8-compile-cache-lib@npm:3.0.1"
  checksum: 10c0/bdc36fb8095d3b41df197f5fb6f11e3a26adf4059df3213e3baa93810d8f0cc76f9a74aaefc18b73e91fe7e19154ed6f134eda6fded2e0f1c8d2272ed2d2d391
  languageName: node
  linkType: hard

"whatwg-encoding@npm:^3.1.1":
  version: 3.1.1
  resolution: "whatwg-encoding@npm:3.1.1"
  dependencies:
    iconv-lite: "npm:0.6.3"
  checksum: 10c0/273b5f441c2f7fda3368a496c3009edbaa5e43b71b09728f90425e7f487e5cef9eb2b846a31bd760dd8077739c26faf6b5ca43a5f24033172b003b72cf61a93e
  languageName: node
  linkType: hard

"whatwg-mimetype@npm:^4.0.0":
  version: 4.0.0
  resolution: "whatwg-mimetype@npm:4.0.0"
  checksum: 10c0/a773cdc8126b514d790bdae7052e8bf242970cebd84af62fb2f35a33411e78e981f6c0ab9ed1fe6ec5071b09d5340ac9178e05b52d35a9c4bcf558ba1b1551df
  languageName: node
  linkType: hard

"xtend@npm:^4.0.0":
  version: 4.0.2
  resolution: "xtend@npm:4.0.2"
  checksum: 10c0/366ae4783eec6100f8a02dff02ac907bf29f9a00b82ac0264b4d8b832ead18306797e283cf19de776538babfdcb2101375ec5646b59f08c52128ac4ab812ed0e
  languageName: node
  linkType: hard

"yn@npm:3.1.1":
  version: 3.1.1
  resolution: "yn@npm:3.1.1"
  checksum: 10c0/0732468dd7622ed8a274f640f191f3eaf1f39d5349a1b72836df484998d7d9807fbea094e2f5486d6b0cd2414aad5775972df0e68f8604db89a239f0f4bf7443
  languageName: node
  linkType: hard
